
Microsoft Visual Studio Solution File, Format Version 12.00
# Visual Studio Version 16
VisualStudioVersion = 16.0.33529.622
MinimumVisualStudioVersion = 10.0.40219.1
Project("{FAE04EC0-301F-11D3-BF4B-00C04F79EFBC}") = "DemoProjectWPF_Zagidullin_Syacterev_4435", "DemoProjectWPF_Zagidullin_Syacterev_4435.csproj", "{CEC8D669-3485-4F63-A6D0-C72BA46500CE}"
EndProject
Global
	GlobalSection(SolutionConfigurationPlatforms) = preSolution
		Debug|Any CPU = Debug|Any CPU
		Release|Any CPU = Release|Any CPU
	EndGlobalSection
	GlobalSection(ProjectConfigurationPlatforms) = postSolution
		{CEC8D669-3485-4F63-A6D0-C72BA46500CE}.Debug|Any CPU.ActiveCfg = Debug|Any CPU
		{CEC8D669-3485-4F63-A6D0-C72BA46500CE}.Debug|Any CPU.Build.0 = Debug|Any CPU
		{CEC8D669-3485-4F63-A6D0-C72BA46500CE}.Release|Any CPU.ActiveCfg = Release|Any CPU
		{CEC8D669-3485-4F63-A6D0-C72BA46500CE}.Release|Any CPU.Build.0 = Release|Any CPU
	EndGlobalSection
	GlobalSection(SolutionProperties) = preSolution
		HideSolutionNode = FALSE
	EndGlobalSection
	GlobalSection(ExtensibilityGlobals) = postSolution
		SolutionGuid = {B7D24400-4EFA-42BF-8E95-BC495BCC6244}
	EndGlobalSection
EndGlobal
